
Microsoft Visual Studio Solution File, Format Version 12.00
# Visual Studio Version 17
VisualStudioVersion = 17.4.33122.133
MinimumVisualStudioVersion = 10.0.40219.1
Project("{FAE04EC0-301F-11D3-BF4B-00C04F79EFBC}") = "ExercicioContaBancaria", "ExercicioContaBancaria\ExercicioContaBancaria.csproj", "{F86294E7-092D-4976-AC89-E27725EF7241}"
EndProject
Global
	GlobalSection(SolutionConfigurationPlatforms) = preSolution
		Debug|Any CPU = Debug|Any CPU
		Release|Any CPU = Release|Any CPU
	EndGlobalSection
	GlobalSection(ProjectConfigurationPlatforms) = postSolution
		{F86294E7-092D-4976-AC89-E27725EF7241}.Debug|Any CPU.ActiveCfg = Debug|Any CPU
		{F86294E7-092D-4976-AC89-E27725EF7241}.Debug|Any CPU.Build.0 = Debug|Any CPU
		{F86294E7-092D-4976-AC89-E27725EF7241}.Release|Any CPU.ActiveCfg = Release|Any CPU
		{F86294E7-092D-4976-AC89-E27725EF7241}.Release|Any CPU.Build.0 = Release|Any CPU
	EndGlobalSection
	GlobalSection(SolutionProperties) = preSolution
		HideSolutionNode = FALSE
	EndGlobalSection
	GlobalSection(ExtensibilityGlobals) = postSolution
		SolutionGuid = {56875C62-46DC-4296-8F15-0A1B0F489DDD}
	EndGlobalSection
EndGlobal
